// !$*UTF8*$!
{
	archiveVersion = 1;
	classes = {
	};
	objectVersion = 77;
	objects = {

/* Begin PBXBuildFile section */
		A10000000000000000000001 /* TopOffApp.swift in Sources */ = {isa = PBXBuildFile; fileRef = A20000000000000000000001 /* TopOffApp.swift */; };
		A10000000000000000000002 /* TopOffFeedback.swift in Sources */ = {isa = PBXBuildFile; fileRef = A20000000000000000000002 /* TopOffFeedback.swift */; };
		A10000000000000000000003 /* TopOffEngine in Frameworks */ = {isa = PBXBuildFile; productRef = A90000000000000000000001 /* TopOffEngine */; };
		A10000000000000000000004 /* TopOffPresentation in Frameworks */ = {isa = PBXBuildFile; productRef = A90000000000000000000002 /* TopOffPresentation */; };
		A10000000000000000000005 /* Assets.xcassets in Resources */ = {isa = PBXBuildFile; fileRef = A20000000000000000000004 /* Assets.xcassets */; };
		A10000000000000000000006 /* TopOffProgress.swift in Sources */ = {isa = PBXBuildFile; fileRef = A20000000000000000000005 /* TopOffProgress.swift */; };
		A10000000000000000000007 /* TopOffMonetization in Frameworks */ = {isa = PBXBuildFile; productRef = A90000000000000000000003 /* TopOffMonetization */; };
		A10000000000000000000008 /* PrivacyInfo.xcprivacy in Resources */ = {isa = PBXBuildFile; fileRef = A20000000000000000000006 /* PrivacyInfo.xcprivacy */; };
/* End PBXBuildFile section */

/* Begin PBXFileReference section */
		A20000000000000000000001 /* TopOffApp.swift */ = {isa = PBXFileReference; lastKnownFileType = sourcecode.swift; path = TopOffApp.swift; sourceTree = "<group>"; };
		A20000000000000000000002 /* TopOffFeedback.swift */ = {isa = PBXFileReference; lastKnownFileType = sourcecode.swift; path = TopOffFeedback.swift; sourceTree = "<group>"; };
		A20000000000000000000003 /* TopOff.app */ = {isa = PBXFileReference; explicitFileType = wrapper.application; includeInIndex = 0; path = TopOff.app; sourceTree = BUILT_PRODUCTS_DIR; };
		A20000000000000000000004 /* Assets.xcassets */ = {isa = PBXFileReference; lastKnownFileType = folder.assetcatalog; path = Assets.xcassets; sourceTree = "<group>"; };
		A20000000000000000000005 /* TopOffProgress.swift */ = {isa = PBXFileReference; lastKnownFileType = sourcecode.swift; path = TopOffProgress.swift; sourceTree = "<group>"; };
		A20000000000000000000006 /* PrivacyInfo.xcprivacy */ = {isa = PBXFileReference; lastKnownFileType = text.xml; path = PrivacyInfo.xcprivacy; sourceTree = "<group>"; };
/* End PBXFileReference section */

/* Begin PBXFrameworksBuildPhase section */
		A30000000000000000000001 /* Frameworks */ = {
			isa = PBXFrameworksBuildPhase;
			buildActionMask = 2147483647;
			files = (
				A10000000000000000000003 /* TopOffEngine in Frameworks */,
				A10000000000000000000004 /* TopOffPresentation in Frameworks */,
				A10000000000000000000007 /* TopOffMonetization in Frameworks */,
			);
			runOnlyForDeploymentPostprocessing = 0;
		};
/* End PBXFrameworksBuildPhase section */

/* Begin PBXGroup section */
		A40000000000000000000001 = {
			isa = PBXGroup;
			children = (
				A40000000000000000000002 /* TopOff */,
				A40000000000000000000003 /* Products */,
			);
			sourceTree = "<group>";
		};
		A40000000000000000000002 /* TopOff */ = {
			isa = PBXGroup;
			children = (
				A20000000000000000000001 /* TopOffApp.swift */,
				A20000000000000000000002 /* TopOffFeedback.swift */,
				A20000000000000000000005 /* TopOffProgress.swift */,
				A20000000000000000000004 /* Assets.xcassets */,
				A20000000000000000000006 /* PrivacyInfo.xcprivacy */,
			);
			path = TopOff;
			sourceTree = "<group>";
		};
		A40000000000000000000003 /* Products */ = {
			isa = PBXGroup;
			children = (
				A20000000000000000000003 /* TopOff.app */,
			);
			name = Products;
			sourceTree = "<group>";
		};
/* End PBXGroup section */

/* Begin PBXNativeTarget section */
		A50000000000000000000001 /* TopOff */ = {
			isa = PBXNativeTarget;
			buildConfigurationList = A91000000000000000000002 /* Build configuration list for PBXNativeTarget "TopOff" */;
			buildPhases = (
				A60000000000000000000001 /* Sources */,
				A30000000000000000000001 /* Frameworks */,
				A70000000000000000000001 /* Resources */,
			);
			buildRules = (
			);
			dependencies = (
			);
			name = TopOff;
			packageProductDependencies = (
				A90000000000000000000001 /* TopOffEngine */,
				A90000000000000000000002 /* TopOffPresentation */,
				A90000000000000000000003 /* TopOffMonetization */,
			);
			productName = TopOff;
			productReference = A20000000000000000000003 /* TopOff.app */;
			productType = "com.apple.product-type.application";
		};
/* End PBXNativeTarget section */

/* Begin PBXProject section */
		A80000000000000000000001 /* Project object */ = {
			isa = PBXProject;
			attributes = {
				BuildIndependentTargetsInParallel = 1;
				LastSwiftUpdateCheck = 2600;
				LastUpgradeCheck = 2600;
				TargetAttributes = {
					A50000000000000000000001 = {
						CreatedOnToolsVersion = 26.0;
						DevelopmentTeam = 4XD74F27J2;
						ProvisioningStyle = Automatic;
					};
				};
			};
			buildConfigurationList = A91000000000000000000001 /* Build configuration list for PBXProject "TopOff" */;
			developmentRegion = en;
			hasScannedForEncodings = 0;
			knownRegions = (
				en,
				Base,
			);
			mainGroup = A40000000000000000000001;
			minimizedProjectReferenceProxies = 1;
			packageReferences = (
				A92000000000000000000001 /* XCLocalSwiftPackageReference "." */,
			);
			preferredProjectObjectVersion = 77;
			productRefGroup = A40000000000000000000003 /* Products */;
			projectDirPath = "";
			projectRoot = "";
			targets = (
				A50000000000000000000001 /* TopOff */,
			);
		};
/* End PBXProject section */

/* Begin PBXResourcesBuildPhase section */
		A70000000000000000000001 /* Resources */ = {
			isa = PBXResourcesBuildPhase;
			buildActionMask = 2147483647;
			files = (
				A10000000000000000000005 /* Assets.xcassets in Resources */,
				A10000000000000000000008 /* PrivacyInfo.xcprivacy in Resources */,
			);
			runOnlyForDeploymentPostprocessing = 0;
		};
/* End PBXResourcesBuildPhase section */

/* Begin PBXSourcesBuildPhase section */
		A60000000000000000000001 /* Sources */ = {
			isa = PBXSourcesBuildPhase;
			buildActionMask = 2147483647;
			files = (
				A10000000000000000000001 /* TopOffApp.swift in Sources */,
				A10000000000000000000002 /* TopOffFeedback.swift in Sources */,
				A10000000000000000000006 /* TopOffProgress.swift in Sources */,
			);
			runOnlyForDeploymentPostprocessing = 0;
		};
/* End PBXSourcesBuildPhase section */

/* Begin XCBuildConfiguration section */
		A13000000000000000000001 /* Debug */ = {
			isa = XCBuildConfiguration;
			buildSettings = {
				ALWAYS_SEARCH_USER_PATHS = NO;
				CLANG_ENABLE_MODULES = YES;
				COPY_PHASE_STRIP = NO;
				DEBUG_INFORMATION_FORMAT = dwarf;
				ENABLE_TESTABILITY = YES;
				IPHONEOS_DEPLOYMENT_TARGET = 17.0;
				ONLY_ACTIVE_ARCH = YES;
				SDKROOT = iphoneos;
				SWIFT_ACTIVE_COMPILATION_CONDITIONS = "DEBUG $(inherited)";
				SWIFT_OPTIMIZATION_LEVEL = "-Onone";
			};
			name = Debug;
		};
		A13000000000000000000002 /* Release */ = {
			isa = XCBuildConfiguration;
			buildSettings = {
				ALWAYS_SEARCH_USER_PATHS = NO;
				CLANG_ENABLE_MODULES = YES;
				COPY_PHASE_STRIP = NO;
				DEBUG_INFORMATION_FORMAT = "dwarf-with-dsym";
				IPHONEOS_DEPLOYMENT_TARGET = 17.0;
				SDKROOT = iphoneos;
				SWIFT_COMPILATION_MODE = wholemodule;
				VALIDATE_PRODUCT = YES;
			};
			name = Release;
		};
		A13000000000000000000003 /* Debug */ = {
			isa = XCBuildConfiguration;
			buildSettings = {
				ASSETCATALOG_COMPILER_APPICON_NAME = AppIcon;
				CODE_SIGN_STYLE = Automatic;
				CURRENT_PROJECT_VERSION = 1;
				DEVELOPMENT_TEAM = 4XD74F27J2;
				GENERATE_INFOPLIST_FILE = YES;
				INFOPLIST_FILE = TopOff/Info.plist;
				INFOPLIST_KEY_CFBundleDisplayName = "Top Off";
				INFOPLIST_KEY_ITSAppUsesNonExemptEncryption = NO;
				INFOPLIST_KEY_LSApplicationCategoryType = "public.app-category.games";
				INFOPLIST_KEY_UIApplicationSceneManifest_Generation = YES;
				INFOPLIST_KEY_UIRequiresFullScreen = YES;
				INFOPLIST_KEY_UISupportedInterfaceOrientations = UIInterfaceOrientationPortrait;
				INFOPLIST_KEY_UISupportedInterfaceOrientations_iPad = UIInterfaceOrientationPortrait;
				IPHONEOS_DEPLOYMENT_TARGET = 17.0;
				MARKETING_VERSION = 1.0.0;
				PRODUCT_BUNDLE_IDENTIFIER = ai.knowlly.topoff;
				PRODUCT_NAME = "$(TARGET_NAME)";
				SUPPORTED_PLATFORMS = "iphoneos iphonesimulator";
				SUPPORTS_MACCATALYST = NO;
				SWIFT_EMIT_LOC_STRINGS = YES;
				SWIFT_VERSION = 6.0;
				TARGETED_DEVICE_FAMILY = "1,2";
			};
			name = Debug;
		};
		A13000000000000000000004 /* Release */ = {
			isa = XCBuildConfiguration;
			buildSettings = {
				ASSETCATALOG_COMPILER_APPICON_NAME = AppIcon;
				CODE_SIGN_STYLE = Automatic;
				CURRENT_PROJECT_VERSION = 1;
				DEVELOPMENT_TEAM = 4XD74F27J2;
				GENERATE_INFOPLIST_FILE = YES;
				INFOPLIST_FILE = TopOff/Info.plist;
				INFOPLIST_KEY_CFBundleDisplayName = "Top Off";
				INFOPLIST_KEY_ITSAppUsesNonExemptEncryption = NO;
				INFOPLIST_KEY_LSApplicationCategoryType = "public.app-category.games";
				INFOPLIST_KEY_UIApplicationSceneManifest_Generation = YES;
				INFOPLIST_KEY_UIRequiresFullScreen = YES;
				INFOPLIST_KEY_UISupportedInterfaceOrientations = UIInterfaceOrientationPortrait;
				INFOPLIST_KEY_UISupportedInterfaceOrientations_iPad = UIInterfaceOrientationPortrait;
				IPHONEOS_DEPLOYMENT_TARGET = 17.0;
				MARKETING_VERSION = 1.0.0;
				PRODUCT_BUNDLE_IDENTIFIER = ai.knowlly.topoff;
				PRODUCT_NAME = "$(TARGET_NAME)";
				SUPPORTED_PLATFORMS = "iphoneos iphonesimulator";
				SUPPORTS_MACCATALYST = NO;
				SWIFT_COMPILATION_MODE = wholemodule;
				SWIFT_EMIT_LOC_STRINGS = YES;
				SWIFT_VERSION = 6.0;
				TARGETED_DEVICE_FAMILY = "1,2";
			};
			name = Release;
		};
/* End XCBuildConfiguration section */

/* Begin XCConfigurationList section */
		A91000000000000000000001 /* Build configuration list for PBXProject "TopOff" */ = {
			isa = XCConfigurationList;
			buildConfigurations = (
				A13000000000000000000001 /* Debug */,
				A13000000000000000000002 /* Release */,
			);
			defaultConfigurationIsVisible = 0;
			defaultConfigurationName = Release;
		};
		A91000000000000000000002 /* Build configuration list for PBXNativeTarget "TopOff" */ = {
			isa = XCConfigurationList;
			buildConfigurations = (
				A13000000000000000000003 /* Debug */,
				A13000000000000000000004 /* Release */,
			);
			defaultConfigurationIsVisible = 0;
			defaultConfigurationName = Release;
		};
/* End XCConfigurationList section */

/* Begin XCLocalSwiftPackageReference section */
		A92000000000000000000001 /* XCLocalSwiftPackageReference "." */ = {
			isa = XCLocalSwiftPackageReference;
			relativePath = .;
		};
/* End XCLocalSwiftPackageReference section */

/* Begin XCSwiftPackageProductDependency section */
		A90000000000000000000001 /* TopOffEngine */ = {
			isa = XCSwiftPackageProductDependency;
			package = A92000000000000000000001 /* XCLocalSwiftPackageReference "." */;
			productName = TopOffEngine;
		};
		A90000000000000000000002 /* TopOffPresentation */ = {
			isa = XCSwiftPackageProductDependency;
			package = A92000000000000000000001 /* XCLocalSwiftPackageReference "." */;
			productName = TopOffPresentation;
		};
		A90000000000000000000003 /* TopOffMonetization */ = {
			isa = XCSwiftPackageProductDependency;
			package = A92000000000000000000001 /* XCLocalSwiftPackageReference "." */;
			productName = TopOffMonetization;
		};
/* End XCSwiftPackageProductDependency section */
	};
	rootObject = A80000000000000000000001 /* Project object */;
}
